
Microsoft Visual Studio Solution File, Format Version 12.00
# Visual Studio Version 17
VisualStudioVersion = 17.2.32422.2
MinimumVisualStudioVersion = 10.0.40219.1
Project("{FAE04EC0-301F-11D3-BF4B-00C04F79EFBC}") = "CuentaUsandoThread", "CuentaUsandoThread\CuentaUsandoThread.csproj", "{B7FBA13A-09F4-4193-B694-810990E218CB}"
EndProject
Global
	GlobalSection(SolutionConfigurationPlatforms) = preSolution
		Debug|Any CPU = Debug|Any CPU
		Release|Any CPU = Release|Any CPU
	EndGlobalSection
	GlobalSection(ProjectConfigurationPlatforms) = postSolution
		{B7FBA13A-09F4-4193-B694-810990E218CB}.Debug|Any CPU.ActiveCfg = Debug|Any CPU
		{B7FBA13A-09F4-4193-B694-810990E218CB}.Debug|Any CPU.Build.0 = Debug|Any CPU
		{B7FBA13A-09F4-4193-B694-810990E218CB}.Release|Any CPU.ActiveCfg = Release|Any CPU
		{B7FBA13A-09F4-4193-B694-810990E218CB}.Release|Any CPU.Build.0 = Release|Any CPU
	EndGlobalSection
	GlobalSection(SolutionProperties) = preSolution
		HideSolutionNode = FALSE
	EndGlobalSection
	GlobalSection(ExtensibilityGlobals) = postSolution
		SolutionGuid = {D4D20EFE-1E98-47BF-858F-4BA22AED0674}
	EndGlobalSection
EndGlobal
